{
  "object": {
    "pins": [
      {
        "package": "DebugPane",
        "repositoryURL": "https://github.com/antranapp/DebugPane",
        "state": {
          "branch": "master",
          "revision": "48fa8ba139c115d9bc812e3f845f86797c60af93",
          "version": null
        }
      },
      {
        "package": "SwiftPublicIP",
        "repositoryURL": "https://github.com/HackingGate/Swift-Public-IP",
        "state": {
          "branch": "master",
          "revision": "046079f891de67de00a4bba2e636d0a74a0c074f",
          "version": null
        }
      },
      {
        "package": "TweakPane",
        "repositoryURL": "https://github.com/antranapp/TweakPane",
        "state": {
          "branch": "master",
          "revision": "d9627f8b172d4ae10213c2d8718b128bd67ea322",
          "version": null
        }
      }
    ]
  },
  "version": 1
}
